<?xml version="1.0" encoding="utf-8"?>
<Project ToolsVersion="4.0" xmlns="http://schemas.microsoft.com/developer/msbuild/2003">
  <ItemGroup>
    <Filter Include="Source Files">
      <UniqueIdentifier>{4FC737F1-C7A5-4376-A066-2A32D752A2FF}</UniqueIdentifier>
      <Extensions>cpp;c;cc;cxx;c++;cppm;ixx;def;odl;idl;hpj;bat;asm;asmx</Extensions>
    </Filter>
    <Filter Include="Header Files">
      <UniqueIdentifier>{93995380-89BD-4b04-88EB-625FBE52EBFB}</UniqueIdentifier>
      <Extensions>h;hh;hpp;hxx;h++;hm;inl;inc;ipp;xsd</Extensions>
    </Filter>
    <Filter Include="Resource Files">
      <UniqueIdentifier>{67DA6AB6-F800-4c08-8B7A-83BB121AAD01}</UniqueIdentifier>
      <Extensions>rc;ico;cur;bmp;dlg;rc2;rct;bin;rgs;gif;jpg;jpeg;jpe;resx;tiff;tif;png;wav;mfcribbon-ms</Extensions>
    </Filter>
  </ItemGroup>
  <ItemGroup>
    <ClCompile Include="src\Main.cpp">
      <Filter>Source Files</Filter>
    </ClCompile>
    <ClCompile Include="src\UWindow.cpp">
      <Filter>Source Files</Filter>
    </ClCompile>
    <ClCompile Include="src\UGame.cpp">
      <Filter>Source Files</Filter>
    </ClCompile>
    <ClCompile Include="src\ULib.cpp">
      <Filter>Source Files</Filter>
    </ClCompile>
    <ClCompile Include="src\UTexture.cpp">
      <Filter>Source Files</Filter>
    </ClCompile>
    <ClCompile Include="src\GHamster.cpp">
      <Filter>Source Files</Filter>
    </ClCompile>
    <ClCompile Include="src\UFont.cpp">
      <Filter>Source Files</Filter>
    </ClCompile>
    <ClCompile Include="src\UTimer.cpp">
      <Filter>Source Files</Filter>
    </ClCompile>
    <ClCompile Include="src\USound.cpp">
      <Filter>Source Files</Filter>
    </ClCompile>
    <ClCompile Include="src\GButton.cpp">
      <Filter>Source Files</Filter>
    </ClCompile>
    <ClCompile Include="src\STEAM_StatsAchievements.cpp">
      <Filter>Source Files</Filter>
    </ClCompile>
    <ClCompile Include="src\STEAM_Leaderboards.cpp">
      <Filter>Source Files</Filter>
    </ClCompile>
  </ItemGroup>
  <ItemGroup>
    <ClInclude Include="src\ULib.h">
      <Filter>Header Files</Filter>
    </ClInclude>
    <ClInclude Include="src\UVector3.h">
      <Filter>Header Files</Filter>
    </ClInclude>
    <ClInclude Include="src\UWindow.h">
      <Filter>Header Files</Filter>
    </ClInclude>
    <ClInclude Include="src\UGame.h">
      <Filter>Header Files</Filter>
    </ClInclude>
    <ClInclude Include="src\UTexture.h">
      <Filter>Header Files</Filter>
    </ClInclude>
    <ClInclude Include="src\UFont.h">
      <Filter>Header Files</Filter>
    </ClInclude>
    <ClInclude Include="src\UTimer.h">
      <Filter>Header Files</Filter>
    </ClInclude>
    <ClInclude Include="src\GHamster.h">
      <Filter>Header Files</Filter>
    </ClInclude>
    <ClInclude Include="src\USound.h">
      <Filter>Header Files</Filter>
    </ClInclude>
    <ClInclude Include="src\GButton.h">
      <Filter>Header Files</Filter>
    </ClInclude>
    <ClInclude Include="src\STEAM_StatsAchievements.h">
      <Filter>Header Files</Filter>
    </ClInclude>
    <ClInclude Include="src\STEAM_Leaderboards.h">
      <Filter>Header Files</Filter>
    </ClInclude>
  </ItemGroup>
  <ItemGroup>
    <Image Include="assets\hamster_icon.png">
      <Filter>Resource Files</Filter>
    </Image>
    <Image Include="assets\background.png">
      <Filter>Resource Files</Filter>
    </Image>
    <Image Include="assets\glass_cage.png">
      <Filter>Resource Files</Filter>
    </Image>
    <Image Include="assets\house_foreground.png">
      <Filter>Resource Files</Filter>
    </Image>
    <Image Include="assets\wheel.png">
      <Filter>Resource Files</Filter>
    </Image>
    <Image Include="assets\wheel_arm.png">
      <Filter>Resource Files</Filter>
    </Image>
    <Image Include="assets\hamster.png">
      <Filter>Resource Files</Filter>
    </Image>
    <Image Include="assets\title.png">
      <Filter>Resource Files</Filter>
    </Image>
    <Image Include="assets\dustball.png">
      <Filter>Resource Files</Filter>
    </Image>
    <Image Include="assets\settings_button.png">
      <Filter>Resource Files</Filter>
    </Image>
    <Image Include="assets\settings_menu.png">
      <Filter>Resource Files</Filter>
    </Image>
    <Image Include="assets\sound_button.png">
      <Filter>Resource Files</Filter>
    </Image>
    <Image Include="assets\fastest_run_leaderboard.png">
      <Filter>Resource Files</Filter>
    </Image>
    <Image Include="assets\leaderboard_button.png">
      <Filter>Resource Files</Filter>
    </Image>
    <Image Include="assets\left_arrow_button.png">
      <Filter>Resource Files</Filter>
    </Image>
    <Image Include="assets\longest_distance_leaderboard.png">
      <Filter>Resource Files</Filter>
    </Image>
    <Image Include="assets\right_arrow_button.png">
      <Filter>Resource Files</Filter>
    </Image>
    <Image Include="assets\x_button.png">
      <Filter>Resource Files</Filter>
    </Image>
  </ItemGroup>
  <ItemGroup>
    <Font Include="assets\font.ttf">
      <Filter>Resource Files</Filter>
    </Font>
  </ItemGroup>
  <ItemGroup>
    <Media Include="assets\softstep.wav">
      <Filter>Resource Files</Filter>
    </Media>
    <Media Include="assets\wheel_mus.wav">
      <Filter>Resource Files</Filter>
    </Media>
    <Media Include="assets\menu_mus0.wav">
      <Filter>Resource Files</Filter>
    </Media>
  </ItemGroup>
  <ItemGroup>
    <None Include="steam_api64.dll">
      <Filter>Resource Files</Filter>
    </None>
  </ItemGroup>
  <ItemGroup>
    <Library Include="steam_api64.lib">
      <Filter>Resource Files</Filter>
    </Library>
  </ItemGroup>
</Project>